Microsoft Visual Studio Solution File, Format Version 11.00
# Visual Studio 2008

Project("{17BB7885-3CD7-268C-0585-888B07506C1A}") = "OdeToCode", "Assembly-CSharp.csproj", "{0012E967-345B-2122-4CC8-789F08F74055}"
EndProject
Global
	GlobalSection(SolutionConfigurationPlatforms) = preSolution
		Debug|Any CPU = Debug|Any CPU
		Release|Any CPU = Release|Any CPU
	EndGlobalSection
	GlobalSection(ProjectConfigurationPlatforms) = postSolution
		{0012E967-345B-2122-4CC8-789F08F74055}.Debug|Any CPU.ActiveCfg = Debug|Any CPU
		{0012E967-345B-2122-4CC8-789F08F74055}.Debug|Any CPU.Build.0 = Debug|Any CPU
		{0012E967-345B-2122-4CC8-789F08F74055}.Release|Any CPU.ActiveCfg = Release|Any CPU
		{0012E967-345B-2122-4CC8-789F08F74055}.Release|Any CPU.Build.0 = Release|Any CPU
	EndGlobalSection
	GlobalSection(SolutionProperties) = preSolution
		HideSolutionNode = FALSE
	EndGlobalSection
	GlobalSection(MonoDevelopProperties) = preSolution
		StartupItem = Assembly-CSharp.csproj
	EndGlobalSection
EndGlobal
